
Microsoft Visual Studio Solution File, Format Version 12.00
# Visual Studio Version 16
VisualStudioVersion = 16.0.30523.141
MinimumVisualStudioVersion = 10.0.40219.1
Project("{FAE04EC0-301F-11D3-BF4B-00C04F79EFBC}") = "aula", "aula.csproj", "{4D04A38C-6958-4343-BD15-43ACC760C96C}"
EndProject
Global
	GlobalSection(SolutionConfigurationPlatforms) = preSolution
		Debug|Any CPU = Debug|Any CPU
		Release|Any CPU = Release|Any CPU
	EndGlobalSection
	GlobalSection(ProjectConfigurationPlatforms) = postSolution
		{4D04A38C-6958-4343-BD15-43ACC760C96C}.Debug|Any CPU.ActiveCfg = Debug|Any CPU
		{4D04A38C-6958-4343-BD15-43ACC760C96C}.Debug|Any CPU.Build.0 = Debug|Any CPU
		{4D04A38C-6958-4343-BD15-43ACC760C96C}.Release|Any CPU.ActiveCfg = Release|Any CPU
		{4D04A38C-6958-4343-BD15-43ACC760C96C}.Release|Any CPU.Build.0 = Release|Any CPU
	EndGlobalSection
	GlobalSection(SolutionProperties) = preSolution
		HideSolutionNode = FALSE
	EndGlobalSection
	GlobalSection(ExtensibilityGlobals) = postSolution
		SolutionGuid = {F784EA33-CC84-4D8B-8D12-AD518C9E2336}
	EndGlobalSection
EndGlobal
