
Microsoft Visual Studio Solution File, Format Version 12.00
# Visual Studio Version 16
VisualStudioVersion = 16.0.30523.141
MinimumVisualStudioVersion = 10.0.40219.1
Project("{FAE04EC0-301F-11D3-BF4B-00C04F79EFBC}") = "testeZe", "testeZe.csproj", "{0E723139-B40E-4956-AF3A-55C30096CD50}"
EndProject
Global
	GlobalSection(SolutionConfigurationPlatforms) = preSolution
		Debug|Any CPU = Debug|Any CPU
		Release|Any CPU = Release|Any CPU
	EndGlobalSection
	GlobalSection(ProjectConfigurationPlatforms) = postSolution
		{0E723139-B40E-4956-AF3A-55C30096CD50}.Debug|Any CPU.ActiveCfg = Debug|Any CPU
		{0E723139-B40E-4956-AF3A-55C30096CD50}.Debug|Any CPU.Build.0 = Debug|Any CPU
		{0E723139-B40E-4956-AF3A-55C30096CD50}.Release|Any CPU.ActiveCfg = Release|Any CPU
		{0E723139-B40E-4956-AF3A-55C30096CD50}.Release|Any CPU.Build.0 = Release|Any CPU
	EndGlobalSection
	GlobalSection(SolutionProperties) = preSolution
		HideSolutionNode = FALSE
	EndGlobalSection
	GlobalSection(ExtensibilityGlobals) = postSolution
		SolutionGuid = {C15C62FB-F802-4CDB-928B-E669468294DC}
	EndGlobalSection
EndGlobal
