
Microsoft Visual Studio Solution File, Format Version 12.00
# Visual Studio Version 17
VisualStudioVersion = 17.9.34902.65
MinimumVisualStudioVersion = 10.0.40219.1
Project("{FAE04EC0-301F-11D3-BF4B-00C04F79EFBC}") = "ApiFilmes", "ApiFilmes\ApiFilmes.csproj", "{A7117025-59C8-4908-ABD9-72EDE18F9A4B}"
EndProject
Global
	GlobalSection(SolutionConfigurationPlatforms) = preSolution
		Debug|Any CPU = Debug|Any CPU
		Release|Any CPU = Release|Any CPU
	EndGlobalSection
	GlobalSection(ProjectConfigurationPlatforms) = postSolution
		{A7117025-59C8-4908-ABD9-72EDE18F9A4B}.Debug|Any CPU.ActiveCfg = Debug|Any CPU
		{A7117025-59C8-4908-ABD9-72EDE18F9A4B}.Debug|Any CPU.Build.0 = Debug|Any CPU
		{A7117025-59C8-4908-ABD9-72EDE18F9A4B}.Release|Any CPU.ActiveCfg = Release|Any CPU
		{A7117025-59C8-4908-ABD9-72EDE18F9A4B}.Release|Any CPU.Build.0 = Release|Any CPU
	EndGlobalSection
	GlobalSection(SolutionProperties) = preSolution
		HideSolutionNode = FALSE
	EndGlobalSection
	GlobalSection(ExtensibilityGlobals) = postSolution
		SolutionGuid = {3E5C9CB6-F02D-40AA-9616-BFDB4A2B83B9}
	EndGlobalSection
EndGlobal
